Microsoft Visual Studio Solution File, Format Version 12.00
# Visual Studio Version 18
VisualStudioVersion = 18.5.11709.299
MinimumVisualStudioVersion = 10.0.40219.1
Project("{2150E333-8FDC-42A3-9474-1A3956D46DE8}") = "week-7", "week-7", "{189BD7CD-E1D4-4A87-A373-76C9DA0A3012}"
EndProject
Project("{FAE04EC0-301F-11D3-BF4B-00C04F79EFBC}") = "Task-1_Week-7", "Task-1_Week-7\Task-1_Week-7.csproj", "{21F2B687-5DA9-42A7-BEA5-EF13A377A720}"
EndProject
Global
	GlobalSection(SolutionConfigurationPlatforms) = preSolution
		Debug|Any CPU = Debug|Any CPU
		Release|Any CPU = Release|Any CPU
	EndGlobalSection
	GlobalSection(ProjectConfigurationPlatforms) = postSolution
		{21F2B687-5DA9-42A7-BEA5-EF13A377A720}.Debug|Any CPU.ActiveCfg = Debug|Any CPU
		{21F2B687-5DA9-42A7-BEA5-EF13A377A720}.Debug|Any CPU.Build.0 = Debug|Any CPU
		{21F2B687-5DA9-42A7-BEA5-EF13A377A720}.Release|Any CPU.ActiveCfg = Release|Any CPU
		{21F2B687-5DA9-42A7-BEA5-EF13A377A720}.Release|Any CPU.Build.0 = Release|Any CPU
	EndGlobalSection
	GlobalSection(SolutionProperties) = preSolution
		HideSolutionNode = FALSE
	EndGlobalSection
	GlobalSection(NestedProjects) = preSolution
		{21F2B687-5DA9-42A7-BEA5-EF13A377A720} = {189BD7CD-E1D4-4A87-A373-76C9DA0A3012}
	EndGlobalSection
	GlobalSection(ExtensibilityGlobals) = postSolution
		SolutionGuid = {3CACC9D6-DA0E-4BAF-B290-8F083C750B50}
	EndGlobalSection
EndGlobal
