
Microsoft Visual Studio Solution File, Format Version 12.00
# Visual Studio Version 18
VisualStudioVersion = 18.5.11709.299
MinimumVisualStudioVersion = 10.0.40219.1
Project("{2150E333-8FDC-42A3-9474-1A3956D46DE8}") = "week-1", "week-1", "{A6555F1A-B1AA-4432-BEFA-4312196DC09E}"
	ProjectSection(SolutionItems) = preProject
		Task-1_Week-1.pdf = Task-1_Week-1.pdf
		Task-2_Week-1.pdf = Task-2_Week-1.pdf
		Task-6_Week-1.pdf = Task-6_Week-1.pdf
	EndProjectSection
EndProject
Project("{2150E333-8FDC-42A3-9474-1A3956D46DE8}") = "week-2", "week-2", "{EE8739D9-DF08-4912-B8A2-6C11174F84E9}"
	ProjectSection(SolutionItems) = preProject
		Task-4_Week-2.pdf = Task-4_Week-2.pdf
	EndProjectSection
EndProject
Project("{2150E333-8FDC-42A3-9474-1A3956D46DE8}") = "week-3", "week-3", "{4F12461F-C984-4C02-91F4-6C341330787E}"
	ProjectSection(SolutionItems) = preProject
		Task-4_Week-3.pdf = Task-4_Week-3.pdf
	EndProjectSection
EndProject
Project("{2150E333-8FDC-42A3-9474-1A3956D46DE8}") = "week-4", "week-4", "{91991023-A88C-4C94-81EC-F2163B40F27F}"
EndProject
Project("{2150E333-8FDC-42A3-9474-1A3956D46DE8}") = "week-5", "week-5", "{77F47478-0609-49A9-9595-DB1E1484FD7B}"
EndProject
Project("{2150E333-8FDC-42A3-9474-1A3956D46DE8}") = "week-6", "week-6", "{FA974D49-54AF-4DE0-9562-A0D0F353108B}"
EndProject
Project("{2150E333-8FDC-42A3-9474-1A3956D46DE8}") = "week-7", "week-7", "{4815CF74-65A6-4B6B-9F4A-54FF5E1DCF08}"
EndProject
Project("{2150E333-8FDC-42A3-9474-1A3956D46DE8}") = "week-8", "week-8", "{D5BF8E08-2401-4559-B3AC-FAEB9588103B}"
EndProject
Project("{2150E333-8FDC-42A3-9474-1A3956D46DE8}") = "week-9", "week-9", "{39C3DAE7-6AAD-4602-BC26-D0CDFCCF20E1}"
EndProject
Project("{FAE04EC0-301F-11D3-BF4B-00C04F79EFBC}") = "lab1", "lab1\lab1.csproj", "{8E4F4C11-6204-47BC-820A-18AA32DDAD9D}"
EndProject
Project("{FAE04EC0-301F-11D3-BF4B-00C04F79EFBC}") = "lab2", "lab2\lab2.csproj", "{87F01904-CBBD-4CF9-AD4E-EF837005CCE1}"
EndProject
Project("{FAE04EC0-301F-11D3-BF4B-00C04F79EFBC}") = "lab3", "lab3\lab3.csproj", "{BDBA0F1D-379E-436D-8E64-B7624114D783}"
EndProject
Project("{FAE04EC0-301F-11D3-BF4B-00C04F79EFBC}") = "lab4", "lab4\lab4.csproj", "{017C81E8-BA08-477D-A13F-F80EC944BFBF}"
EndProject
Project("{FAE04EC0-301F-11D3-BF4B-00C04F79EFBC}") = "lab5", "lab5\lab5.csproj", "{7C8BDD2C-A4FC-4B03-B8A7-AD6163851D96}"
EndProject
Project("{FAE04EC0-301F-11D3-BF4B-00C04F79EFBC}") = "lab6", "lab6\lab6.csproj", "{D0822CAF-A07F-4985-91DA-440AB7B0575F}"
EndProject
Project("{FAE04EC0-301F-11D3-BF4B-00C04F79EFBC}") = "lab7", "lab7\lab7.csproj", "{C654B4EF-0A5C-4974-842A-AF5ACD0E038A}"
EndProject
Project("{FAE04EC0-301F-11D3-BF4B-00C04F79EFBC}") = "lab8", "lab8\lab8.csproj", "{2CC0B5AB-7F1A-43A0-98B8-27868DE7FD53}"
EndProject
Project("{FAE04EC0-301F-11D3-BF4B-00C04F79EFBC}") = "lab9", "lab9\lab9.csproj", "{13A24C84-D906-44B6-92CD-4D88BF2B8F9A}"
EndProject
Project("{FAE04EC0-301F-11D3-BF4B-00C04F79EFBC}") = "Task-3_Week-1", "Task-3_Week-1\Task-3_Week-1.csproj", "{B1A2C3D4-E5F6-4A7B-8C9D-0E1F2A3B4C5D}"
EndProject
Project("{FAE04EC0-301F-11D3-BF4B-00C04F79EFBC}") = "Task-4_Week-1", "Task-4_Week-1\Task-4_Week-1.csproj", "{C2B3D4E5-F6A7-4B8C-9D0E-1F2A3B4C5D6E}"
EndProject
Project("{FAE04EC0-301F-11D3-BF4B-00C04F79EFBC}") = "Task-5_Week-1", "Task-5_Week-1\Task-5_Week-1.csproj", "{D3C4E5F6-A7B8-4C9D-0E1F-2A3B4C5D6E7F}"
EndProject
Project("{FAE04EC0-301F-11D3-BF4B-00C04F79EFBC}") = "Task-1_Week-2", "Task-1_Week-2\Task-1_Week-2.csproj", "{E4D5F6A7-B8C9-4D0E-1F2A-3B4C5D6E7F80}"
EndProject
Project("{FAE04EC0-301F-11D3-BF4B-00C04F79EFBC}") = "Task-2_Week-2", "Task-2_Week-2\Task-2_Week-2.csproj", "{F5E6A7B8-C9D0-4E1F-2A3B-4C5D6E7F8091}"
EndProject
Project("{FAE04EC0-301F-11D3-BF4B-00C04F79EFBC}") = "Task-3_Week-2", "Task-3_Week-2\Task-3_Week-2.csproj", "{A6F7B8C9-D0E1-4F2A-3B4C-5D6E7F809102}"
EndProject
Project("{FAE04EC0-301F-11D3-BF4B-00C04F79EFBC}") = "Task-1_Week-3", "Task-1_Week-3\Task-1_Week-3.csproj", "{FD95864D-F70A-426F-9B60-5E894B60B034}"
EndProject
Project("{FAE04EC0-301F-11D3-BF4B-00C04F79EFBC}") = "Task-2_Week-3", "Task-2_Week-3\Task-2_Week-3.csproj", "{4E57AC9D-B9C3-4AF0-B643-00D17BDEE69D}"
EndProject
Project("{FAE04EC0-301F-11D3-BF4B-00C04F79EFBC}") = "Task-3_Week-3", "Task-3_Week-3\Task-3_Week-3.csproj", "{865FCFD1-4055-4D89-ACE2-FB95CD7554D3}"
EndProject
Project("{FAE04EC0-301F-11D3-BF4B-00C04F79EFBC}") = "Task-1_Week-4", "Task-1_Week-4\Task-1_Week-4.csproj", "{7B2D745B-005C-4322-A254-CF8F27C28268}"
EndProject
Project("{FAE04EC0-301F-11D3-BF4B-00C04F79EFBC}") = "Task-2_Week-4", "Task-2_Week-4\Task-2_Week-4.csproj", "{63FC7005-E4C0-4E56-BB7F-1BC110330054}"
EndProject
Project("{FAE04EC0-301F-11D3-BF4B-00C04F79EFBC}") = "Task-3_Week-4", "Task-3_Week-4\Task-3_Week-4.csproj", "{C4703096-C5BD-43CA-A68C-4DCC77B65D1A}"
EndProject
Global
	GlobalSection(SolutionConfigurationPlatforms) = preSolution
		Debug|Any CPU = Debug|Any CPU
		Debug|x64 = Debug|x64
		Debug|x86 = Debug|x86
		Release|Any CPU = Release|Any CPU
		Release|x64 = Release|x64
		Release|x86 = Release|x86
	EndGlobalSection
	GlobalSection(ProjectConfigurationPlatforms) = postSolution
		{8E4F4C11-6204-47BC-820A-18AA32DDAD9D}.Debug|Any CPU.ActiveCfg = Debug|Any CPU
		{8E4F4C11-6204-47BC-820A-18AA32DDAD9D}.Debug|Any CPU.Build.0 = Debug|Any CPU
		{8E4F4C11-6204-47BC-820A-18AA32DDAD9D}.Debug|x64.ActiveCfg = Debug|Any CPU
		{8E4F4C11-6204-47BC-820A-18AA32DDAD9D}.Debug|x64.Build.0 = Debug|Any CPU
		{8E4F4C11-6204-47BC-820A-18AA32DDAD9D}.Debug|x86.ActiveCfg = Debug|Any CPU
		{8E4F4C11-6204-47BC-820A-18AA32DDAD9D}.Debug|x86.Build.0 = Debug|Any CPU
		{8E4F4C11-6204-47BC-820A-18AA32DDAD9D}.Release|Any CPU.ActiveCfg = Release|Any CPU
		{8E4F4C11-6204-47BC-820A-18AA32DDAD9D}.Release|Any CPU.Build.0 = Release|Any CPU
		{8E4F4C11-6204-47BC-820A-18AA32DDAD9D}.Release|x64.ActiveCfg = Release|Any CPU
		{8E4F4C11-6204-47BC-820A-18AA32DDAD9D}.Release|x64.Build.0 = Release|Any CPU
		{8E4F4C11-6204-47BC-820A-18AA32DDAD9D}.Release|x86.ActiveCfg = Release|Any CPU
		{8E4F4C11-6204-47BC-820A-18AA32DDAD9D}.Release|x86.Build.0 = Release|Any CPU
		{87F01904-CBBD-4CF9-AD4E-EF837005CCE1}.Debug|Any CPU.ActiveCfg = Debug|Any CPU
		{87F01904-CBBD-4CF9-AD4E-EF837005CCE1}.Debug|Any CPU.Build.0 = Debug|Any CPU
		{87F01904-CBBD-4CF9-AD4E-EF837005CCE1}.Debug|x64.ActiveCfg = Debug|Any CPU
		{87F01904-CBBD-4CF9-AD4E-EF837005CCE1}.Debug|x64.Build.0 = Debug|Any CPU
		{87F01904-CBBD-4CF9-AD4E-EF837005CCE1}.Debug|x86.ActiveCfg = Debug|Any CPU
		{87F01904-CBBD-4CF9-AD4E-EF837005CCE1}.Debug|x86.Build.0 = Debug|Any CPU
		{87F01904-CBBD-4CF9-AD4E-EF837005CCE1}.Release|Any CPU.ActiveCfg = Release|Any CPU
		{87F01904-CBBD-4CF9-AD4E-EF837005CCE1}.Release|Any CPU.Build.0 = Release|Any CPU
		{87F01904-CBBD-4CF9-AD4E-EF837005CCE1}.Release|x64.ActiveCfg = Release|Any CPU
		{87F01904-CBBD-4CF9-AD4E-EF837005CCE1}.Release|x64.Build.0 = Release|Any CPU
		{87F01904-CBBD-4CF9-AD4E-EF837005CCE1}.Release|x86.ActiveCfg = Release|Any CPU
		{87F01904-CBBD-4CF9-AD4E-EF837005CCE1}.Release|x86.Build.0 = Release|Any CPU
		{BDBA0F1D-379E-436D-8E64-B7624114D783}.Debug|Any CPU.ActiveCfg = Debug|Any CPU
		{BDBA0F1D-379E-436D-8E64-B7624114D783}.Debug|Any CPU.Build.0 = Debug|Any CPU
		{BDBA0F1D-379E-436D-8E64-B7624114D783}.Debug|x64.ActiveCfg = Debug|Any CPU
		{BDBA0F1D-379E-436D-8E64-B7624114D783}.Debug|x64.Build.0 = Debug|Any CPU
		{BDBA0F1D-379E-436D-8E64-B7624114D783}.Debug|x86.ActiveCfg = Debug|Any CPU
		{BDBA0F1D-379E-436D-8E64-B7624114D783}.Debug|x86.Build.0 = Debug|Any CPU
		{BDBA0F1D-379E-436D-8E64-B7624114D783}.Release|Any CPU.ActiveCfg = Release|Any CPU
		{BDBA0F1D-379E-436D-8E64-B7624114D783}.Release|Any CPU.Build.0 = Release|Any CPU
		{BDBA0F1D-379E-436D-8E64-B7624114D783}.Release|x64.ActiveCfg = Release|Any CPU
		{BDBA0F1D-379E-436D-8E64-B7624114D783}.Release|x64.Build.0 = Release|Any CPU
		{BDBA0F1D-379E-436D-8E64-B7624114D783}.Release|x86.ActiveCfg = Release|Any CPU
		{BDBA0F1D-379E-436D-8E64-B7624114D783}.Release|x86.Build.0 = Release|Any CPU
		{017C81E8-BA08-477D-A13F-F80EC944BFBF}.Debug|Any CPU.ActiveCfg = Debug|Any CPU
		{017C81E8-BA08-477D-A13F-F80EC944BFBF}.Debug|Any CPU.Build.0 = Debug|Any CPU
		{017C81E8-BA08-477D-A13F-F80EC944BFBF}.Debug|x64.ActiveCfg = Debug|Any CPU
		{017C81E8-BA08-477D-A13F-F80EC944BFBF}.Debug|x64.Build.0 = Debug|Any CPU
		{017C81E8-BA08-477D-A13F-F80EC944BFBF}.Debug|x86.ActiveCfg = Debug|Any CPU
		{017C81E8-BA08-477D-A13F-F80EC944BFBF}.Debug|x86.Build.0 = Debug|Any CPU
		{017C81E8-BA08-477D-A13F-F80EC944BFBF}.Release|Any CPU.ActiveCfg = Release|Any CPU
		{017C81E8-BA08-477D-A13F-F80EC944BFBF}.Release|Any CPU.Build.0 = Release|Any CPU
		{017C81E8-BA08-477D-A13F-F80EC944BFBF}.Release|x64.ActiveCfg = Release|Any CPU
		{017C81E8-BA08-477D-A13F-F80EC944BFBF}.Release|x64.Build.0 = Release|Any CPU
		{017C81E8-BA08-477D-A13F-F80EC944BFBF}.Release|x86.ActiveCfg = Release|Any CPU
		{017C81E8-BA08-477D-A13F-F80EC944BFBF}.Release|x86.Build.0 = Release|Any CPU
		{7C8BDD2C-A4FC-4B03-B8A7-AD6163851D96}.Debug|Any CPU.ActiveCfg = Debug|Any CPU
		{7C8BDD2C-A4FC-4B03-B8A7-AD6163851D96}.Debug|Any CPU.Build.0 = Debug|Any CPU
		{7C8BDD2C-A4FC-4B03-B8A7-AD6163851D96}.Debug|x64.ActiveCfg = Debug|Any CPU
		{7C8BDD2C-A4FC-4B03-B8A7-AD6163851D96}.Debug|x64.Build.0 = Debug|Any CPU
		{7C8BDD2C-A4FC-4B03-B8A7-AD6163851D96}.Debug|x86.ActiveCfg = Debug|Any CPU
		{7C8BDD2C-A4FC-4B03-B8A7-AD6163851D96}.Debug|x86.Build.0 = Debug|Any CPU
		{7C8BDD2C-A4FC-4B03-B8A7-AD6163851D96}.Release|Any CPU.ActiveCfg = Release|Any CPU
		{7C8BDD2C-A4FC-4B03-B8A7-AD6163851D96}.Release|Any CPU.Build.0 = Release|Any CPU
		{7C8BDD2C-A4FC-4B03-B8A7-AD6163851D96}.Release|x64.ActiveCfg = Release|Any CPU
		{7C8BDD2C-A4FC-4B03-B8A7-AD6163851D96}.Release|x64.Build.0 = Release|Any CPU
		{7C8BDD2C-A4FC-4B03-B8A7-AD6163851D96}.Release|x86.ActiveCfg = Release|Any CPU
		{7C8BDD2C-A4FC-4B03-B8A7-AD6163851D96}.Release|x86.Build.0 = Release|Any CPU
		{D0822CAF-A07F-4985-91DA-440AB7B0575F}.Debug|Any CPU.ActiveCfg = Debug|Any CPU
		{D0822CAF-A07F-4985-91DA-440AB7B0575F}.Debug|Any CPU.Build.0 = Debug|Any CPU
		{D0822CAF-A07F-4985-91DA-440AB7B0575F}.Debug|x64.ActiveCfg = Debug|Any CPU
		{D0822CAF-A07F-4985-91DA-440AB7B0575F}.Debug|x64.Build.0 = Debug|Any CPU
		{D0822CAF-A07F-4985-91DA-440AB7B0575F}.Debug|x86.ActiveCfg = Debug|Any CPU
		{D0822CAF-A07F-4985-91DA-440AB7B0575F}.Debug|x86.Build.0 = Debug|Any CPU
		{D0822CAF-A07F-4985-91DA-440AB7B0575F}.Release|Any CPU.ActiveCfg = Release|Any CPU
		{D0822CAF-A07F-4985-91DA-440AB7B0575F}.Release|Any CPU.Build.0 = Release|Any CPU
		{D0822CAF-A07F-4985-91DA-440AB7B0575F}.Release|x64.ActiveCfg = Release|Any CPU
		{D0822CAF-A07F-4985-91DA-440AB7B0575F}.Release|x64.Build.0 = Release|Any CPU
		{D0822CAF-A07F-4985-91DA-440AB7B0575F}.Release|x86.ActiveCfg = Release|Any CPU
		{D0822CAF-A07F-4985-91DA-440AB7B0575F}.Release|x86.Build.0 = Release|Any CPU
		{C654B4EF-0A5C-4974-842A-AF5ACD0E038A}.Debug|Any CPU.ActiveCfg = Debug|Any CPU
		{C654B4EF-0A5C-4974-842A-AF5ACD0E038A}.Debug|Any CPU.Build.0 = Debug|Any CPU
		{C654B4EF-0A5C-4974-842A-AF5ACD0E038A}.Debug|x64.ActiveCfg = Debug|Any CPU
		{C654B4EF-0A5C-4974-842A-AF5ACD0E038A}.Debug|x64.Build.0 = Debug|Any CPU
		{C654B4EF-0A5C-4974-842A-AF5ACD0E038A}.Debug|x86.ActiveCfg = Debug|Any CPU
		{C654B4EF-0A5C-4974-842A-AF5ACD0E038A}.Debug|x86.Build.0 = Debug|Any CPU
		{C654B4EF-0A5C-4974-842A-AF5ACD0E038A}.Release|Any CPU.ActiveCfg = Release|Any CPU
		{C654B4EF-0A5C-4974-842A-AF5ACD0E038A}.Release|Any CPU.Build.0 = Release|Any CPU
		{C654B4EF-0A5C-4974-842A-AF5ACD0E038A}.Release|x64.ActiveCfg = Release|Any CPU
		{C654B4EF-0A5C-4974-842A-AF5ACD0E038A}.Release|x64.Build.0 = Release|Any CPU
		{C654B4EF-0A5C-4974-842A-AF5ACD0E038A}.Release|x86.ActiveCfg = Release|Any CPU
		{C654B4EF-0A5C-4974-842A-AF5ACD0E038A}.Release|x86.Build.0 = Release|Any CPU
		{2CC0B5AB-7F1A-43A0-98B8-27868DE7FD53}.Debug|Any CPU.ActiveCfg = Debug|Any CPU
		{2CC0B5AB-7F1A-43A0-98B8-27868DE7FD53}.Debug|Any CPU.Build.0 = Debug|Any CPU
		{2CC0B5AB-7F1A-43A0-98B8-27868DE7FD53}.Debug|x64.ActiveCfg = Debug|Any CPU
		{2CC0B5AB-7F1A-43A0-98B8-27868DE7FD53}.Debug|x64.Build.0 = Debug|Any CPU
		{2CC0B5AB-7F1A-43A0-98B8-27868DE7FD53}.Debug|x86.ActiveCfg = Debug|Any CPU
		{2CC0B5AB-7F1A-43A0-98B8-27868DE7FD53}.Debug|x86.Build.0 = Debug|Any CPU
		{2CC0B5AB-7F1A-43A0-98B8-27868DE7FD53}.Release|Any CPU.ActiveCfg = Release|Any CPU
		{2CC0B5AB-7F1A-43A0-98B8-27868DE7FD53}.Release|Any CPU.Build.0 = Release|Any CPU
		{2CC0B5AB-7F1A-43A0-98B8-27868DE7FD53}.Release|x64.ActiveCfg = Release|Any CPU
		{2CC0B5AB-7F1A-43A0-98B8-27868DE7FD53}.Release|x64.Build.0 = Release|Any CPU
		{2CC0B5AB-7F1A-43A0-98B8-27868DE7FD53}.Release|x86.ActiveCfg = Release|Any CPU
		{2CC0B5AB-7F1A-43A0-98B8-27868DE7FD53}.Release|x86.Build.0 = Release|Any CPU
		{13A24C84-D906-44B6-92CD-4D88BF2B8F9A}.Debug|Any CPU.ActiveCfg = Debug|Any CPU
		{13A24C84-D906-44B6-92CD-4D88BF2B8F9A}.Debug|Any CPU.Build.0 = Debug|Any CPU
		{13A24C84-D906-44B6-92CD-4D88BF2B8F9A}.Debug|x64.ActiveCfg = Debug|Any CPU
		{13A24C84-D906-44B6-92CD-4D88BF2B8F9A}.Debug|x64.Build.0 = Debug|Any CPU
		{13A24C84-D906-44B6-92CD-4D88BF2B8F9A}.Debug|x86.ActiveCfg = Debug|Any CPU
		{13A24C84-D906-44B6-92CD-4D88BF2B8F9A}.Debug|x86.Build.0 = Debug|Any CPU
		{13A24C84-D906-44B6-92CD-4D88BF2B8F9A}.Release|Any CPU.ActiveCfg = Release|Any CPU
		{13A24C84-D906-44B6-92CD-4D88BF2B8F9A}.Release|Any CPU.Build.0 = Release|Any CPU
		{13A24C84-D906-44B6-92CD-4D88BF2B8F9A}.Release|x64.ActiveCfg = Release|Any CPU
		{13A24C84-D906-44B6-92CD-4D88BF2B8F9A}.Release|x64.Build.0 = Release|Any CPU
		{13A24C84-D906-44B6-92CD-4D88BF2B8F9A}.Release|x86.ActiveCfg = Release|Any CPU
		{13A24C84-D906-44B6-92CD-4D88BF2B8F9A}.Release|x86.Build.0 = Release|Any CPU
		{B1A2C3D4-E5F6-4A7B-8C9D-0E1F2A3B4C5D}.Debug|Any CPU.ActiveCfg = Debug|Any CPU
		{B1A2C3D4-E5F6-4A7B-8C9D-0E1F2A3B4C5D}.Debug|Any CPU.Build.0 = Debug|Any CPU
		{B1A2C3D4-E5F6-4A7B-8C9D-0E1F2A3B4C5D}.Debug|x64.ActiveCfg = Debug|Any CPU
		{B1A2C3D4-E5F6-4A7B-8C9D-0E1F2A3B4C5D}.Debug|x64.Build.0 = Debug|Any CPU
		{B1A2C3D4-E5F6-4A7B-8C9D-0E1F2A3B4C5D}.Debug|x86.ActiveCfg = Debug|Any CPU
		{B1A2C3D4-E5F6-4A7B-8C9D-0E1F2A3B4C5D}.Debug|x86.Build.0 = Debug|Any CPU
		{B1A2C3D4-E5F6-4A7B-8C9D-0E1F2A3B4C5D}.Release|Any CPU.ActiveCfg = Release|Any CPU
		{B1A2C3D4-E5F6-4A7B-8C9D-0E1F2A3B4C5D}.Release|Any CPU.Build.0 = Release|Any CPU
		{B1A2C3D4-E5F6-4A7B-8C9D-0E1F2A3B4C5D}.Release|x64.ActiveCfg = Release|Any CPU
		{B1A2C3D4-E5F6-4A7B-8C9D-0E1F2A3B4C5D}.Release|x64.Build.0 = Release|Any CPU
		{B1A2C3D4-E5F6-4A7B-8C9D-0E1F2A3B4C5D}.Release|x86.ActiveCfg = Release|Any CPU
		{B1A2C3D4-E5F6-4A7B-8C9D-0E1F2A3B4C5D}.Release|x86.Build.0 = Release|Any CPU
		{C2B3D4E5-F6A7-4B8C-9D0E-1F2A3B4C5D6E}.Debug|Any CPU.ActiveCfg = Debug|Any CPU
		{C2B3D4E5-F6A7-4B8C-9D0E-1F2A3B4C5D6E}.Debug|Any CPU.Build.0 = Debug|Any CPU
		{C2B3D4E5-F6A7-4B8C-9D0E-1F2A3B4C5D6E}.Debug|x64.ActiveCfg = Debug|Any CPU
		{C2B3D4E5-F6A7-4B8C-9D0E-1F2A3B4C5D6E}.Debug|x64.Build.0 = Debug|Any CPU
		{C2B3D4E5-F6A7-4B8C-9D0E-1F2A3B4C5D6E}.Debug|x86.ActiveCfg = Debug|Any CPU
		{C2B3D4E5-F6A7-4B8C-9D0E-1F2A3B4C5D6E}.Debug|x86.Build.0 = Debug|Any CPU
		{C2B3D4E5-F6A7-4B8C-9D0E-1F2A3B4C5D6E}.Release|Any CPU.ActiveCfg = Release|Any CPU
		{C2B3D4E5-F6A7-4B8C-9D0E-1F2A3B4C5D6E}.Release|Any CPU.Build.0 = Release|Any CPU
		{C2B3D4E5-F6A7-4B8C-9D0E-1F2A3B4C5D6E}.Release|x64.ActiveCfg = Release|Any CPU
		{C2B3D4E5-F6A7-4B8C-9D0E-1F2A3B4C5D6E}.Release|x64.Build.0 = Release|Any CPU
		{C2B3D4E5-F6A7-4B8C-9D0E-1F2A3B4C5D6E}.Release|x86.ActiveCfg = Release|Any CPU
		{C2B3D4E5-F6A7-4B8C-9D0E-1F2A3B4C5D6E}.Release|x86.Build.0 = Release|Any CPU
		{D3C4E5F6-A7B8-4C9D-0E1F-2A3B4C5D6E7F}.Debug|Any CPU.ActiveCfg = Debug|Any CPU
		{D3C4E5F6-A7B8-4C9D-0E1F-2A3B4C5D6E7F}.Debug|Any CPU.Build.0 = Debug|Any CPU
		{D3C4E5F6-A7B8-4C9D-0E1F-2A3B4C5D6E7F}.Debug|x64.ActiveCfg = Debug|Any CPU
		{D3C4E5F6-A7B8-4C9D-0E1F-2A3B4C5D6E7F}.Debug|x64.Build.0 = Debug|Any CPU
		{D3C4E5F6-A7B8-4C9D-0E1F-2A3B4C5D6E7F}.Debug|x86.ActiveCfg = Debug|Any CPU
		{D3C4E5F6-A7B8-4C9D-0E1F-2A3B4C5D6E7F}.Debug|x86.Build.0 = Debug|Any CPU
		{D3C4E5F6-A7B8-4C9D-0E1F-2A3B4C5D6E7F}.Release|Any CPU.ActiveCfg = Release|Any CPU
		{D3C4E5F6-A7B8-4C9D-0E1F-2A3B4C5D6E7F}.Release|Any CPU.Build.0 = Release|Any CPU
		{D3C4E5F6-A7B8-4C9D-0E1F-2A3B4C5D6E7F}.Release|x64.ActiveCfg = Release|Any CPU
		{D3C4E5F6-A7B8-4C9D-0E1F-2A3B4C5D6E7F}.Release|x64.Build.0 = Release|Any CPU
		{D3C4E5F6-A7B8-4C9D-0E1F-2A3B4C5D6E7F}.Release|x86.ActiveCfg = Release|Any CPU
		{D3C4E5F6-A7B8-4C9D-0E1F-2A3B4C5D6E7F}.Release|x86.Build.0 = Release|Any CPU
		{E4D5F6A7-B8C9-4D0E-1F2A-3B4C5D6E7F80}.Debug|Any CPU.ActiveCfg = Debug|Any CPU
		{E4D5F6A7-B8C9-4D0E-1F2A-3B4C5D6E7F80}.Debug|Any CPU.Build.0 = Debug|Any CPU
		{E4D5F6A7-B8C9-4D0E-1F2A-3B4C5D6E7F80}.Debug|x64.ActiveCfg = Debug|Any CPU
		{E4D5F6A7-B8C9-4D0E-1F2A-3B4C5D6E7F80}.Debug|x64.Build.0 = Debug|Any CPU
		{E4D5F6A7-B8C9-4D0E-1F2A-3B4C5D6E7F80}.Debug|x86.ActiveCfg = Debug|Any CPU
		{E4D5F6A7-B8C9-4D0E-1F2A-3B4C5D6E7F80}.Debug|x86.Build.0 = Debug|Any CPU
		{E4D5F6A7-B8C9-4D0E-1F2A-3B4C5D6E7F80}.Release|Any CPU.ActiveCfg = Release|Any CPU
		{E4D5F6A7-B8C9-4D0E-1F2A-3B4C5D6E7F80}.Release|Any CPU.Build.0 = Release|Any CPU
		{E4D5F6A7-B8C9-4D0E-1F2A-3B4C5D6E7F80}.Release|x64.ActiveCfg = Release|Any CPU
		{E4D5F6A7-B8C9-4D0E-1F2A-3B4C5D6E7F80}.Release|x64.Build.0 = Release|Any CPU
		{E4D5F6A7-B8C9-4D0E-1F2A-3B4C5D6E7F80}.Release|x86.ActiveCfg = Release|Any CPU
		{E4D5F6A7-B8C9-4D0E-1F2A-3B4C5D6E7F80}.Release|x86.Build.0 = Release|Any CPU
		{F5E6A7B8-C9D0-4E1F-2A3B-4C5D6E7F8091}.Debug|Any CPU.ActiveCfg = Debug|Any CPU
		{F5E6A7B8-C9D0-4E1F-2A3B-4C5D6E7F8091}.Debug|Any CPU.Build.0 = Debug|Any CPU
		{F5E6A7B8-C9D0-4E1F-2A3B-4C5D6E7F8091}.Debug|x64.ActiveCfg = Debug|Any CPU
		{F5E6A7B8-C9D0-4E1F-2A3B-4C5D6E7F8091}.Debug|x64.Build.0 = Debug|Any CPU
		{F5E6A7B8-C9D0-4E1F-2A3B-4C5D6E7F8091}.Debug|x86.ActiveCfg = Debug|Any CPU
		{F5E6A7B8-C9D0-4E1F-2A3B-4C5D6E7F8091}.Debug|x86.Build.0 = Debug|Any CPU
		{F5E6A7B8-C9D0-4E1F-2A3B-4C5D6E7F8091}.Release|Any CPU.ActiveCfg = Release|Any CPU
		{F5E6A7B8-C9D0-4E1F-2A3B-4C5D6E7F8091}.Release|Any CPU.Build.0 = Release|Any CPU
		{F5E6A7B8-C9D0-4E1F-2A3B-4C5D6E7F8091}.Release|x64.ActiveCfg = Release|Any CPU
		{F5E6A7B8-C9D0-4E1F-2A3B-4C5D6E7F8091}.Release|x64.Build.0 = Release|Any CPU
		{F5E6A7B8-C9D0-4E1F-2A3B-4C5D6E7F8091}.Release|x86.ActiveCfg = Release|Any CPU
		{F5E6A7B8-C9D0-4E1F-2A3B-4C5D6E7F8091}.Release|x86.Build.0 = Release|Any CPU
		{A6F7B8C9-D0E1-4F2A-3B4C-5D6E7F809102}.Debug|Any CPU.ActiveCfg = Debug|Any CPU
		{A6F7B8C9-D0E1-4F2A-3B4C-5D6E7F809102}.Debug|Any CPU.Build.0 = Debug|Any CPU
		{A6F7B8C9-D0E1-4F2A-3B4C-5D6E7F809102}.Debug|x64.ActiveCfg = Debug|Any CPU
		{A6F7B8C9-D0E1-4F2A-3B4C-5D6E7F809102}.Debug|x64.Build.0 = Debug|Any CPU
		{A6F7B8C9-D0E1-4F2A-3B4C-5D6E7F809102}.Debug|x86.ActiveCfg = Debug|Any CPU
		{A6F7B8C9-D0E1-4F2A-3B4C-5D6E7F809102}.Debug|x86.Build.0 = Debug|Any CPU
		{A6F7B8C9-D0E1-4F2A-3B4C-5D6E7F809102}.Release|Any CPU.ActiveCfg = Release|Any CPU
		{A6F7B8C9-D0E1-4F2A-3B4C-5D6E7F809102}.Release|Any CPU.Build.0 = Release|Any CPU
		{A6F7B8C9-D0E1-4F2A-3B4C-5D6E7F809102}.Release|x64.ActiveCfg = Release|Any CPU
		{A6F7B8C9-D0E1-4F2A-3B4C-5D6E7F809102}.Release|x64.Build.0 = Release|Any CPU
		{A6F7B8C9-D0E1-4F2A-3B4C-5D6E7F809102}.Release|x86.ActiveCfg = Release|Any CPU
		{A6F7B8C9-D0E1-4F2A-3B4C-5D6E7F809102}.Release|x86.Build.0 = Release|Any CPU
		{FD95864D-F70A-426F-9B60-5E894B60B034}.Debug|Any CPU.ActiveCfg = Debug|Any CPU
		{FD95864D-F70A-426F-9B60-5E894B60B034}.Debug|Any CPU.Build.0 = Debug|Any CPU
		{FD95864D-F70A-426F-9B60-5E894B60B034}.Debug|x64.ActiveCfg = Debug|Any CPU
		{FD95864D-F70A-426F-9B60-5E894B60B034}.Debug|x64.Build.0 = Debug|Any CPU
		{FD95864D-F70A-426F-9B60-5E894B60B034}.Debug|x86.ActiveCfg = Debug|Any CPU
		{FD95864D-F70A-426F-9B60-5E894B60B034}.Debug|x86.Build.0 = Debug|Any CPU
		{FD95864D-F70A-426F-9B60-5E894B60B034}.Release|Any CPU.ActiveCfg = Release|Any CPU
		{FD95864D-F70A-426F-9B60-5E894B60B034}.Release|Any CPU.Build.0 = Release|Any CPU
		{FD95864D-F70A-426F-9B60-5E894B60B034}.Release|x64.ActiveCfg = Release|Any CPU
		{FD95864D-F70A-426F-9B60-5E894B60B034}.Release|x64.Build.0 = Release|Any CPU
		{FD95864D-F70A-426F-9B60-5E894B60B034}.Release|x86.ActiveCfg = Release|Any CPU
		{FD95864D-F70A-426F-9B60-5E894B60B034}.Release|x86.Build.0 = Release|Any CPU
		{4E57AC9D-B9C3-4AF0-B643-00D17BDEE69D}.Debug|Any CPU.ActiveCfg = Debug|Any CPU
		{4E57AC9D-B9C3-4AF0-B643-00D17BDEE69D}.Debug|Any CPU.Build.0 = Debug|Any CPU
		{4E57AC9D-B9C3-4AF0-B643-00D17BDEE69D}.Debug|x64.ActiveCfg = Debug|Any CPU
		{4E57AC9D-B9C3-4AF0-B643-00D17BDEE69D}.Debug|x64.Build.0 = Debug|Any CPU
		{4E57AC9D-B9C3-4AF0-B643-00D17BDEE69D}.Debug|x86.ActiveCfg = Debug|Any CPU
		{4E57AC9D-B9C3-4AF0-B643-00D17BDEE69D}.Debug|x86.Build.0 = Debug|Any CPU
		{4E57AC9D-B9C3-4AF0-B643-00D17BDEE69D}.Release|Any CPU.ActiveCfg = Release|Any CPU
		{4E57AC9D-B9C3-4AF0-B643-00D17BDEE69D}.Release|Any CPU.Build.0 = Release|Any CPU
		{4E57AC9D-B9C3-4AF0-B643-00D17BDEE69D}.Release|x64.ActiveCfg = Release|Any CPU
		{4E57AC9D-B9C3-4AF0-B643-00D17BDEE69D}.Release|x64.Build.0 = Release|Any CPU
		{4E57AC9D-B9C3-4AF0-B643-00D17BDEE69D}.Release|x86.ActiveCfg = Release|Any CPU
		{4E57AC9D-B9C3-4AF0-B643-00D17BDEE69D}.Release|x86.Build.0 = Release|Any CPU
		{865FCFD1-4055-4D89-ACE2-FB95CD7554D3}.Debug|Any CPU.ActiveCfg = Debug|Any CPU
		{865FCFD1-4055-4D89-ACE2-FB95CD7554D3}.Debug|Any CPU.Build.0 = Debug|Any CPU
		{865FCFD1-4055-4D89-ACE2-FB95CD7554D3}.Debug|x64.ActiveCfg = Debug|Any CPU
		{865FCFD1-4055-4D89-ACE2-FB95CD7554D3}.Debug|x64.Build.0 = Debug|Any CPU
		{865FCFD1-4055-4D89-ACE2-FB95CD7554D3}.Debug|x86.ActiveCfg = Debug|Any CPU
		{865FCFD1-4055-4D89-ACE2-FB95CD7554D3}.Debug|x86.Build.0 = Debug|Any CPU
		{865FCFD1-4055-4D89-ACE2-FB95CD7554D3}.Release|Any CPU.ActiveCfg = Release|Any CPU
		{865FCFD1-4055-4D89-ACE2-FB95CD7554D3}.Release|Any CPU.Build.0 = Release|Any CPU
		{865FCFD1-4055-4D89-ACE2-FB95CD7554D3}.Release|x64.ActiveCfg = Release|Any CPU
		{865FCFD1-4055-4D89-ACE2-FB95CD7554D3}.Release|x64.Build.0 = Release|Any CPU
		{865FCFD1-4055-4D89-ACE2-FB95CD7554D3}.Release|x86.ActiveCfg = Release|Any CPU
		{865FCFD1-4055-4D89-ACE2-FB95CD7554D3}.Release|x86.Build.0 = Release|Any CPU
		{7B2D745B-005C-4322-A254-CF8F27C28268}.Debug|Any CPU.ActiveCfg = Debug|Any CPU
		{7B2D745B-005C-4322-A254-CF8F27C28268}.Debug|Any CPU.Build.0 = Debug|Any CPU
		{7B2D745B-005C-4322-A254-CF8F27C28268}.Debug|x64.ActiveCfg = Debug|Any CPU
		{7B2D745B-005C-4322-A254-CF8F27C28268}.Debug|x64.Build.0 = Debug|Any CPU
		{7B2D745B-005C-4322-A254-CF8F27C28268}.Debug|x86.ActiveCfg = Debug|Any CPU
		{7B2D745B-005C-4322-A254-CF8F27C28268}.Debug|x86.Build.0 = Debug|Any CPU
		{7B2D745B-005C-4322-A254-CF8F27C28268}.Release|Any CPU.ActiveCfg = Release|Any CPU
		{7B2D745B-005C-4322-A254-CF8F27C28268}.Release|Any CPU.Build.0 = Release|Any CPU
		{7B2D745B-005C-4322-A254-CF8F27C28268}.Release|x64.ActiveCfg = Release|Any CPU
		{7B2D745B-005C-4322-A254-CF8F27C28268}.Release|x64.Build.0 = Release|Any CPU
		{7B2D745B-005C-4322-A254-CF8F27C28268}.Release|x86.ActiveCfg = Release|Any CPU
		{7B2D745B-005C-4322-A254-CF8F27C28268}.Release|x86.Build.0 = Release|Any CPU
		{63FC7005-E4C0-4E56-BB7F-1BC110330054}.Debug|Any CPU.ActiveCfg = Debug|Any CPU
		{63FC7005-E4C0-4E56-BB7F-1BC110330054}.Debug|Any CPU.Build.0 = Debug|Any CPU
		{63FC7005-E4C0-4E56-BB7F-1BC110330054}.Debug|x64.ActiveCfg = Debug|Any CPU
		{63FC7005-E4C0-4E56-BB7F-1BC110330054}.Debug|x64.Build.0 = Debug|Any CPU
		{63FC7005-E4C0-4E56-BB7F-1BC110330054}.Debug|x86.ActiveCfg = Debug|Any CPU
		{63FC7005-E4C0-4E56-BB7F-1BC110330054}.Debug|x86.Build.0 = Debug|Any CPU
		{63FC7005-E4C0-4E56-BB7F-1BC110330054}.Release|Any CPU.ActiveCfg = Release|Any CPU
		{63FC7005-E4C0-4E56-BB7F-1BC110330054}.Release|Any CPU.Build.0 = Release|Any CPU
		{63FC7005-E4C0-4E56-BB7F-1BC110330054}.Release|x64.ActiveCfg = Release|Any CPU
		{63FC7005-E4C0-4E56-BB7F-1BC110330054}.Release|x64.Build.0 = Release|Any CPU
		{63FC7005-E4C0-4E56-BB7F-1BC110330054}.Release|x86.ActiveCfg = Release|Any CPU
		{63FC7005-E4C0-4E56-BB7F-1BC110330054}.Release|x86.Build.0 = Release|Any CPU
		{C4703096-C5BD-43CA-A68C-4DCC77B65D1A}.Debug|Any CPU.ActiveCfg = Debug|Any CPU
		{C4703096-C5BD-43CA-A68C-4DCC77B65D1A}.Debug|Any CPU.Build.0 = Debug|Any CPU
		{C4703096-C5BD-43CA-A68C-4DCC77B65D1A}.Debug|x64.ActiveCfg = Debug|Any CPU
		{C4703096-C5BD-43CA-A68C-4DCC77B65D1A}.Debug|x64.Build.0 = Debug|Any CPU
		{C4703096-C5BD-43CA-A68C-4DCC77B65D1A}.Debug|x86.ActiveCfg = Debug|Any CPU
		{C4703096-C5BD-43CA-A68C-4DCC77B65D1A}.Debug|x86.Build.0 = Debug|Any CPU
		{C4703096-C5BD-43CA-A68C-4DCC77B65D1A}.Release|Any CPU.ActiveCfg = Release|Any CPU
		{C4703096-C5BD-43CA-A68C-4DCC77B65D1A}.Release|Any CPU.Build.0 = Release|Any CPU
		{C4703096-C5BD-43CA-A68C-4DCC77B65D1A}.Release|x64.ActiveCfg = Release|Any CPU
		{C4703096-C5BD-43CA-A68C-4DCC77B65D1A}.Release|x64.Build.0 = Release|Any CPU
		{C4703096-C5BD-43CA-A68C-4DCC77B65D1A}.Release|x86.ActiveCfg = Release|Any CPU
		{C4703096-C5BD-43CA-A68C-4DCC77B65D1A}.Release|x86.Build.0 = Release|Any CPU
	EndGlobalSection
	GlobalSection(SolutionProperties) = preSolution
		HideSolutionNode = FALSE
	EndGlobalSection
	GlobalSection(NestedProjects) = preSolution
		{8E4F4C11-6204-47BC-820A-18AA32DDAD9D} = {A6555F1A-B1AA-4432-BEFA-4312196DC09E}
		{87F01904-CBBD-4CF9-AD4E-EF837005CCE1} = {EE8739D9-DF08-4912-B8A2-6C11174F84E9}
		{BDBA0F1D-379E-436D-8E64-B7624114D783} = {4F12461F-C984-4C02-91F4-6C341330787E}
		{017C81E8-BA08-477D-A13F-F80EC944BFBF} = {91991023-A88C-4C94-81EC-F2163B40F27F}
		{7C8BDD2C-A4FC-4B03-B8A7-AD6163851D96} = {77F47478-0609-49A9-9595-DB1E1484FD7B}
		{D0822CAF-A07F-4985-91DA-440AB7B0575F} = {FA974D49-54AF-4DE0-9562-A0D0F353108B}
		{C654B4EF-0A5C-4974-842A-AF5ACD0E038A} = {4815CF74-65A6-4B6B-9F4A-54FF5E1DCF08}
		{2CC0B5AB-7F1A-43A0-98B8-27868DE7FD53} = {D5BF8E08-2401-4559-B3AC-FAEB9588103B}
		{13A24C84-D906-44B6-92CD-4D88BF2B8F9A} = {39C3DAE7-6AAD-4602-BC26-D0CDFCCF20E1}
		{B1A2C3D4-E5F6-4A7B-8C9D-0E1F2A3B4C5D} = {A6555F1A-B1AA-4432-BEFA-4312196DC09E}
		{C2B3D4E5-F6A7-4B8C-9D0E-1F2A3B4C5D6E} = {A6555F1A-B1AA-4432-BEFA-4312196DC09E}
		{D3C4E5F6-A7B8-4C9D-0E1F-2A3B4C5D6E7F} = {A6555F1A-B1AA-4432-BEFA-4312196DC09E}
		{E4D5F6A7-B8C9-4D0E-1F2A-3B4C5D6E7F80} = {EE8739D9-DF08-4912-B8A2-6C11174F84E9}
		{F5E6A7B8-C9D0-4E1F-2A3B-4C5D6E7F8091} = {EE8739D9-DF08-4912-B8A2-6C11174F84E9}
		{A6F7B8C9-D0E1-4F2A-3B4C-5D6E7F809102} = {EE8739D9-DF08-4912-B8A2-6C11174F84E9}
		{FD95864D-F70A-426F-9B60-5E894B60B034} = {4F12461F-C984-4C02-91F4-6C341330787E}
		{4E57AC9D-B9C3-4AF0-B643-00D17BDEE69D} = {4F12461F-C984-4C02-91F4-6C341330787E}
		{865FCFD1-4055-4D89-ACE2-FB95CD7554D3} = {4F12461F-C984-4C02-91F4-6C341330787E}
		{7B2D745B-005C-4322-A254-CF8F27C28268} = {91991023-A88C-4C94-81EC-F2163B40F27F}
		{63FC7005-E4C0-4E56-BB7F-1BC110330054} = {91991023-A88C-4C94-81EC-F2163B40F27F}
		{C4703096-C5BD-43CA-A68C-4DCC77B65D1A} = {91991023-A88C-4C94-81EC-F2163B40F27F}
	EndGlobalSection
	GlobalSection(ExtensibilityGlobals) = postSolution
		SolutionGuid = {3CACC9D6-DA0E-4BAF-B290-8F083C750B50}
	EndGlobalSection
EndGlobal
